
Microsoft Visual Studio Solution File, Format Version 12.00
# Visual Studio Version 17
VisualStudioVersion = 17.3.32819.101
MinimumVisualStudioVersion = 10.0.40219.1
Project("{FAE04EC0-301F-11D3-BF4B-00C04F79EFBC}") = "Delegate", "Delegate.csproj", "{74759848-3557-47CB-8867-F17E6A6B4BBC}"
EndProject
Global
	GlobalSection(SolutionConfigurationPlatforms) = preSolution
		Debug|Any CPU = Debug|Any CPU
		Release|Any CPU = Release|Any CPU
	EndGlobalSection
	GlobalSection(ProjectConfigurationPlatforms) = postSolution
		{74759848-3557-47CB-8867-F17E6A6B4BBC}.Debug|Any CPU.ActiveCfg = Debug|Any CPU
		{74759848-3557-47CB-8867-F17E6A6B4BBC}.Debug|Any CPU.Build.0 = Debug|Any CPU
		{74759848-3557-47CB-8867-F17E6A6B4BBC}.Release|Any CPU.ActiveCfg = Release|Any CPU
		{74759848-3557-47CB-8867-F17E6A6B4BBC}.Release|Any CPU.Build.0 = Release|Any CPU
	EndGlobalSection
	GlobalSection(SolutionProperties) = preSolution
		HideSolutionNode = FALSE
	EndGlobalSection
	GlobalSection(ExtensibilityGlobals) = postSolution
		SolutionGuid = {F3FE8569-04DF-498C-94C4-5BFDD2FBF157}
	EndGlobalSection
EndGlobal
