
Microsoft Visual Studio Solution File, Format Version 12.00
# Visual Studio Version 17
VisualStudioVersion = 17.3.32819.101
MinimumVisualStudioVersion = 10.0.40219.1
Project("{FAE04EC0-301F-11D3-BF4B-00C04F79EFBC}") = "OnlineShopping", "OnlineShopping.csproj", "{BEEBD019-309F-40B5-8F24-C40CC0992173}"
EndProject
Global
	GlobalSection(SolutionConfigurationPlatforms) = preSolution
		Debug|Any CPU = Debug|Any CPU
		Release|Any CPU = Release|Any CPU
	EndGlobalSection
	GlobalSection(ProjectConfigurationPlatforms) = postSolution
		{BEEBD019-309F-40B5-8F24-C40CC0992173}.Debug|Any CPU.ActiveCfg = Debug|Any CPU
		{BEEBD019-309F-40B5-8F24-C40CC0992173}.Debug|Any CPU.Build.0 = Debug|Any CPU
		{BEEBD019-309F-40B5-8F24-C40CC0992173}.Release|Any CPU.ActiveCfg = Release|Any CPU
		{BEEBD019-309F-40B5-8F24-C40CC0992173}.Release|Any CPU.Build.0 = Release|Any CPU
	EndGlobalSection
	GlobalSection(SolutionProperties) = preSolution
		HideSolutionNode = FALSE
	EndGlobalSection
	GlobalSection(ExtensibilityGlobals) = postSolution
		SolutionGuid = {9F74E936-348F-4EA3-980C-193C2C03AC2B}
	EndGlobalSection
EndGlobal
